
Microsoft Visual Studio Solution File, Format Version 12.00
# Visual Studio 14
VisualStudioVersion = 14.0.23107.0
MinimumVisualStudioVersion = 10.0.40219.1
Project("{FAE04EC0-301F-11D3-BF4B-00C04F79EFBC}") = "ConsoleApplication1", "ConsoleApplication1\ConsoleApplication1.csproj", "{64A71CF0-BFB0-41C4-A441-1F8008FA3658}"
EndProject
Project("{FAE04EC0-301F-11D3-BF4B-00C04F79EFBC}") = "CarLibrary2", "CarLibrary2\CarLibrary2.csproj", "{71CD01B6-8AA2-4AC0-A609-59C6837CB019}"
EndProject
Project("{FAE04EC0-301F-11D3-BF4B-00C04F79EFBC}") = "GuyLibray", "GuyLibray\GuyLibray.csproj", "{9FC755AB-2E26-4FB7-8BCE-923693C80FF9}"
EndProject
Project("{FAE04EC0-301F-11D3-BF4B-00C04F79EFBC}") = "Example02", "Example02\Example02.csproj", "{E9B6EF5D-DFF3-437D-A3D8-B259B34B2BE5}"
EndProject
Project("{FAE04EC0-301F-11D3-BF4B-00C04F79EFBC}") = "EmployeeLibrary", "EmployeeLibrary\EmployeeLibrary.csproj", "{A5D9F174-78E4-400B-802E-E3B002B24692}"
EndProject
Project("{FAE04EC0-301F-11D3-BF4B-00C04F79EFBC}") = "Example03", "Example03\Example03.csproj", "{E8B7231E-0A17-44C2-9BF9-756F5794638E}"
EndProject
Project("{FAE04EC0-301F-11D3-BF4B-00C04F79EFBC}") = "MathLibrary", "MathLibrary\MathLibrary.csproj", "{849771D5-E044-4A87-A3C4-E8EBDCEC478F}"
EndProject
Global
	GlobalSection(SolutionConfigurationPlatforms) = preSolution
		Debug|Any CPU = Debug|Any CPU
		Release|Any CPU = Release|Any CPU
	EndGlobalSection
	GlobalSection(ProjectConfigurationPlatforms) = postSolution
		{64A71CF0-BFB0-41C4-A441-1F8008FA3658}.Debug|Any CPU.ActiveCfg = Debug|Any CPU
		{64A71CF0-BFB0-41C4-A441-1F8008FA3658}.Debug|Any CPU.Build.0 = Debug|Any CPU
		{64A71CF0-BFB0-41C4-A441-1F8008FA3658}.Release|Any CPU.ActiveCfg = Release|Any CPU
		{64A71CF0-BFB0-41C4-A441-1F8008FA3658}.Release|Any CPU.Build.0 = Release|Any CPU
		{71CD01B6-8AA2-4AC0-A609-59C6837CB019}.Debug|Any CPU.ActiveCfg = Debug|Any CPU
		{71CD01B6-8AA2-4AC0-A609-59C6837CB019}.Debug|Any CPU.Build.0 = Debug|Any CPU
		{71CD01B6-8AA2-4AC0-A609-59C6837CB019}.Release|Any CPU.ActiveCfg = Release|Any CPU
		{71CD01B6-8AA2-4AC0-A609-59C6837CB019}.Release|Any CPU.Build.0 = Release|Any CPU
		{9FC755AB-2E26-4FB7-8BCE-923693C80FF9}.Debug|Any CPU.ActiveCfg = Debug|Any CPU
		{9FC755AB-2E26-4FB7-8BCE-923693C80FF9}.Debug|Any CPU.Build.0 = Debug|Any CPU
		{9FC755AB-2E26-4FB7-8BCE-923693C80FF9}.Release|Any CPU.ActiveCfg = Release|Any CPU
		{9FC755AB-2E26-4FB7-8BCE-923693C80FF9}.Release|Any CPU.Build.0 = Release|Any CPU
		{E9B6EF5D-DFF3-437D-A3D8-B259B34B2BE5}.Debug|Any CPU.ActiveCfg = Debug|Any CPU
		{E9B6EF5D-DFF3-437D-A3D8-B259B34B2BE5}.Debug|Any CPU.Build.0 = Debug|Any CPU
		{E9B6EF5D-DFF3-437D-A3D8-B259B34B2BE5}.Release|Any CPU.ActiveCfg = Release|Any CPU
		{E9B6EF5D-DFF3-437D-A3D8-B259B34B2BE5}.Release|Any CPU.Build.0 = Release|Any CPU
		{A5D9F174-78E4-400B-802E-E3B002B24692}.Debug|Any CPU.ActiveCfg = Debug|Any CPU
		{A5D9F174-78E4-400B-802E-E3B002B24692}.Debug|Any CPU.Build.0 = Debug|Any CPU
		{A5D9F174-78E4-400B-802E-E3B002B24692}.Release|Any CPU.ActiveCfg = Release|Any CPU
		{A5D9F174-78E4-400B-802E-E3B002B24692}.Release|Any CPU.Build.0 = Release|Any CPU
		{E8B7231E-0A17-44C2-9BF9-756F5794638E}.Debug|Any CPU.ActiveCfg = Debug|Any CPU
		{E8B7231E-0A17-44C2-9BF9-756F5794638E}.Debug|Any CPU.Build.0 = Debug|Any CPU
		{E8B7231E-0A17-44C2-9BF9-756F5794638E}.Release|Any CPU.ActiveCfg = Release|Any CPU
		{E8B7231E-0A17-44C2-9BF9-756F5794638E}.Release|Any CPU.Build.0 = Release|Any CPU
		{849771D5-E044-4A87-A3C4-E8EBDCEC478F}.Debug|Any CPU.ActiveCfg = Debug|Any CPU
		{849771D5-E044-4A87-A3C4-E8EBDCEC478F}.Debug|Any CPU.Build.0 = Debug|Any CPU
		{849771D5-E044-4A87-A3C4-E8EBDCEC478F}.Release|Any CPU.ActiveCfg = Release|Any CPU
		{849771D5-E044-4A87-A3C4-E8EBDCEC478F}.Release|Any CPU.Build.0 = Release|Any CPU
	EndGlobalSection
	GlobalSection(SolutionProperties) = preSolution
		HideSolutionNode = FALSE
	EndGlobalSection
EndGlobal
